{
  "version": 4,
  "terraform_version": "0.12.24",
  "serial": 8,
  "lineage": "d90e653f-963d-2f4c-5d2c-aaabf160b78c",
  "outputs": {},
  "resources": [
    {
      "mode": "managed",
      "type": "azurerm_resource_group",
      "name": "rg",
      "provider": "provider.azurerm",
      "instances": [
        {
          "schema_version": 0,
          "attributes": {
            "id": "/subscriptions/c74ff33e-66e1-4a74-baae-ecf7f0f8794e/resourceGroups/my-first-ft",
            "location": "uksouth",
            "name": "my-first-ft",
            "tags": {
              "Environment": "development",
              "Team": "awedupe"
            }
          },
          "private": "bnVsbA=="
        }
      ]
    },
    {
      "mode": "managed",
      "type": "azurerm_virtual_network",
      "name": "vnet",
      "provider": "provider.azurerm",
      "instances": [
        {
          "schema_version": 0,
          "attributes": {
            "address_space": [
              "10.0.0.0/16"
            ],
            "ddos_protection_plan": [],
            "dns_servers": null,
            "id": "/subscriptions/c74ff33e-66e1-4a74-baae-ecf7f0f8794e/resourceGroups/my-first-ft/providers/Microsoft.Network/virtualNetworks/myTFVnet",
            "location": "uksouth",
            "name": "myTFVnet",
            "resource_group_name": "my-first-ft",
            "subnet": [],
            "tags": {}
          },
          "private": "bnVsbA==",
          "dependencies": [
            "azurerm_resource_group.rg"
          ]
        }
      ]
    }
  ]
}
